{
  "version": 4,
  "terraform_version": "1.3.8",
  "serial": 31,
  "lineage": "77c645c8-c677-a750-b0df-29c85778fe7c",
  "outputs": {},
  "resources": [
    {
      "mode": "managed",
      "type": "azurerm_linux_virtual_machine",
      "name": "app-server",
      "provider": "provider[\"registry.terraform.io/hashicorp/azurerm\"]",
      "instances": [
        {
          "schema_version": 0,
          "attributes": {
            "additional_capabilities": [],
            "admin_password": null,
            "admin_ssh_key": [
              {
                "public_key": "ssh-rsa AAAAB3NzaC1yc2EAAAADAQABAAABgQDrlsSJ/XzsISHcfslClpZr+euzVuZ0uscFM9JwNgSE/KvWUaCNnC34uGPmQWFkQ8NCqCoqMXcBNwy0JWEKOzq7L6yF3VYK08z84crniXhTeEfHhLr2tbue80/RnuZlAlolCpsOsliS+tTwcadz5JE2GhzDaawzwiojFcn2cZpCKg7su+uNon9Je1Gq3LWAHbyW5KUM6jlMaVH1A02IrK4l7VT3FbXLnm3xjyJ45Fzx8+s6kI4HXrgw+ecV3+4ACi84BjgWA7XEhVgMW5B3JwyWCTTFlGR2IvBcftE0e6b6LLqiHr/ZLl6Nyph2it0r+Nf39uAK6rCyYZkLEfE62g4GaDf+TJpqtyyv6savSjffOO365OP7gPnen2j1tPlKZnL5vR9/Cl9wIZBfR6GXsBqnLTaetYXgPyGSZfYOV+JLPcCsv14O0s5ZGg43meFmk26VcsrVBvB3FixerPvTvSulzBSQfZehYEhFA2TCCJc2+gTBCcZpzf8roE+BPh8h0y8= jbichene@jbichene-iMac\n",
                "username": "adminuser"
              }
            ],
            "admin_username": "adminuser",
            "allow_extension_operations": true,
            "availability_set_id": "",
            "boot_diagnostics": [],
            "computer_name": "app-server",
            "custom_data": null,
            "dedicated_host_group_id": "",
            "dedicated_host_id": "",
            "disable_password_authentication": true,
            "edge_zone": "",
            "encryption_at_host_enabled": false,
            "eviction_policy": "",
            "extensions_time_budget": "PT1H30M",
            "id": "/subscriptions/6929de52-509b-4e60-91e8-816aeba49923/resourceGroups/test_isreal/providers/Microsoft.Compute/virtualMachines/app-server",
            "identity": [],
            "license_type": "",
            "location": "westeurope",
            "max_bid_price": -1,
            "name": "app-server",
            "network_interface_ids": [
              "/subscriptions/6929de52-509b-4e60-91e8-816aeba49923/resourceGroups/test_isreal/providers/Microsoft.Network/networkInterfaces/App_nic"
            ],
            "os_disk": [
              {
                "caching": "ReadWrite",
                "diff_disk_settings": [],
                "disk_encryption_set_id": "",
                "disk_size_gb": 30,
                "name": "app-server_OsDisk_1_41b75a548af24dadbb6a0d2b150613fc",
                "storage_account_type": "Standard_LRS",
                "write_accelerator_enabled": false
              }
            ],
            "patch_mode": "ImageDefault",
            "plan": [],
            "platform_fault_domain": -1,
            "priority": "Regular",
            "private_ip_address": "10.0.1.4",
            "private_ip_addresses": [
              "10.0.1.4"
            ],
            "provision_vm_agent": true,
            "proximity_placement_group_id": "",
            "public_ip_address": "",
            "public_ip_addresses": [],
            "resource_group_name": "test_isreal",
            "secret": [],
            "secure_boot_enabled": false,
            "size": "Standard_F2",
            "source_image_id": "",
            "source_image_reference": [
              {
                "offer": "UbuntuServer",
                "publisher": "Canonical",
                "sku": "16.04-LTS",
                "version": "latest"
              }
            ],
            "tags": null,
            "termination_notification": null,
            "timeouts": null,
            "user_data": "",
            "virtual_machine_id": "0cd1fd33-320e-48e4-a8ad-100caa253ee9",
            "virtual_machine_scale_set_id": "",
            "vtpm_enabled": false,
            "zone": ""
          },
          "sensitive_attributes": [],
          "private": "eyJlMmJmYjczMC1lY2FhLTExZTYtOGY4OC0zNDM2M2JjN2M0YzAiOnsiY3JlYXRlIjoyNzAwMDAwMDAwMDAwLCJkZWxldGUiOjI3MDAwMDAwMDAwMDAsInJlYWQiOjMwMDAwMDAwMDAwMCwidXBkYXRlIjoyNzAwMDAwMDAwMDAwfX0=",
          "dependencies": [
            "azurerm_network_interface.vm-nic",
            "azurerm_resource_group.isreal-resource-grp",
            "azurerm_subnet.vm-subnet",
            "azurerm_virtual_network.isreal-app-ntwrk"
          ]
        }
      ]
    },
    {
      "mode": "managed",
      "type": "azurerm_mysql_server",
      "name": "app-db",
      "provider": "provider[\"registry.terraform.io/hashicorp/azurerm\"]",
      "instances": [
        {
          "schema_version": 0,
          "attributes": {
            "administrator_login": "mysqladminun",
            "administrator_login_password": "H@Sh1CoR3!",
            "auto_grow_enabled": true,
            "backup_retention_days": 7,
            "create_mode": "Default",
            "creation_source_server_id": null,
            "fqdn": "app-mysqlserver.mysql.database.azure.com",
            "geo_redundant_backup_enabled": false,
            "id": "/subscriptions/6929de52-509b-4e60-91e8-816aeba49923/resourceGroups/test_isreal/providers/Microsoft.DBforMySQL/servers/app-mysqlserver",
            "identity": [],
            "infrastructure_encryption_enabled": false,
            "location": "westeurope",
            "name": "app-mysqlserver",
            "public_network_access_enabled": true,
            "resource_group_name": "test_isreal",
            "restore_point_in_time": null,
            "sku_name": "GP_Gen5_2",
            "ssl_enforcement_enabled": true,
            "ssl_minimal_tls_version_enforced": "TLS1_2",
            "storage_mb": 5120,
            "tags": null,
            "threat_detection_policy": [],
            "timeouts": null,
            "version": "5.7"
          },
          "sensitive_attributes": [],
          "private": "eyJlMmJmYjczMC1lY2FhLTExZTYtOGY4OC0zNDM2M2JjN2M0YzAiOnsiY3JlYXRlIjozNjAwMDAwMDAwMDAwLCJkZWxldGUiOjM2MDAwMDAwMDAwMDAsInJlYWQiOjMwMDAwMDAwMDAwMCwidXBkYXRlIjozNjAwMDAwMDAwMDAwfX0=",
          "dependencies": [
            "azurerm_resource_group.isreal-resource-grp"
          ]
        }
      ]
    },
    {
      "mode": "managed",
      "type": "azurerm_mysql_virtual_network_rule",
      "name": "example",
      "provider": "provider[\"registry.terraform.io/hashicorp/azurerm\"]",
      "instances": []
    },
    {
      "mode": "managed",
      "type": "azurerm_network_interface",
      "name": "vm-nic",
      "provider": "provider[\"registry.terraform.io/hashicorp/azurerm\"]",
      "instances": [
        {
          "schema_version": 0,
          "attributes": {
            "applied_dns_servers": [],
            "dns_servers": [],
            "edge_zone": "",
            "enable_accelerated_networking": false,
            "enable_ip_forwarding": false,
            "id": "/subscriptions/6929de52-509b-4e60-91e8-816aeba49923/resourceGroups/test_isreal/providers/Microsoft.Network/networkInterfaces/App_nic",
            "internal_dns_name_label": "",
            "internal_domain_name_suffix": "xlkpnrnwkdlerci2zqv45ta4ka.ax.internal.cloudapp.net",
            "ip_configuration": [
              {
                "gateway_load_balancer_frontend_ip_configuration_id": "",
                "name": "internal",
                "primary": true,
                "private_ip_address": "10.0.1.4",
                "private_ip_address_allocation": "Dynamic",
                "private_ip_address_version": "IPv4",
                "public_ip_address_id": "",
                "subnet_id": "/subscriptions/6929de52-509b-4e60-91e8-816aeba49923/resourceGroups/test_isreal/providers/Microsoft.Network/virtualNetworks/isreal-network/subnets/application_subnet"
              }
            ],
            "location": "westeurope",
            "mac_address": "",
            "name": "App_nic",
            "private_ip_address": "10.0.1.4",
            "private_ip_addresses": [
              "10.0.1.4"
            ],
            "resource_group_name": "test_isreal",
            "tags": null,
            "timeouts": null,
            "virtual_machine_id": ""
          },
          "sensitive_attributes": [],
          "private": "eyJlMmJmYjczMC1lY2FhLTExZTYtOGY4OC0zNDM2M2JjN2M0YzAiOnsiY3JlYXRlIjoxODAwMDAwMDAwMDAwLCJkZWxldGUiOjE4MDAwMDAwMDAwMDAsInJlYWQiOjMwMDAwMDAwMDAwMCwidXBkYXRlIjoxODAwMDAwMDAwMDAwfX0=",
          "dependencies": [
            "azurerm_resource_group.isreal-resource-grp",
            "azurerm_subnet.vm-subnet",
            "azurerm_virtual_network.isreal-app-ntwrk"
          ]
        }
      ]
    },
    {
      "mode": "managed",
      "type": "azurerm_resource_group",
      "name": "isreal-resource-grp",
      "provider": "provider[\"registry.terraform.io/hashicorp/azurerm\"]",
      "instances": [
        {
          "schema_version": 0,
          "attributes": {
            "id": "/subscriptions/6929de52-509b-4e60-91e8-816aeba49923/resourceGroups/test_isreal",
            "location": "westeurope",
            "name": "test_isreal",
            "tags": null,
            "timeouts": null
          },
          "sensitive_attributes": [],
          "private": "eyJlMmJmYjczMC1lY2FhLTExZTYtOGY4OC0zNDM2M2JjN2M0YzAiOnsiY3JlYXRlIjo1NDAwMDAwMDAwMDAwLCJkZWxldGUiOjU0MDAwMDAwMDAwMDAsInJlYWQiOjMwMDAwMDAwMDAwMCwidXBkYXRlIjo1NDAwMDAwMDAwMDAwfX0="
        }
      ]
    },
    {
      "mode": "managed",
      "type": "azurerm_subnet",
      "name": "database-subnet",
      "provider": "provider[\"registry.terraform.io/hashicorp/azurerm\"]",
      "instances": [
        {
          "schema_version": 0,
          "attributes": {
            "address_prefixes": [
              "10.0.2.0/24"
            ],
            "delegation": [],
            "enforce_private_link_endpoint_network_policies": false,
            "enforce_private_link_service_network_policies": false,
            "id": "/subscriptions/6929de52-509b-4e60-91e8-816aeba49923/resourceGroups/test_isreal/providers/Microsoft.Network/virtualNetworks/isreal-network/subnets/db-subnet",
            "name": "db-subnet",
            "resource_group_name": "test_isreal",
            "service_endpoint_policy_ids": null,
            "service_endpoints": [
              "Microsoft.Sql"
            ],
            "timeouts": null,
            "virtual_network_name": "isreal-network"
          },
          "sensitive_attributes": [],
          "private": "eyJlMmJmYjczMC1lY2FhLTExZTYtOGY4OC0zNDM2M2JjN2M0YzAiOnsiY3JlYXRlIjoxODAwMDAwMDAwMDAwLCJkZWxldGUiOjE4MDAwMDAwMDAwMDAsInJlYWQiOjMwMDAwMDAwMDAwMCwidXBkYXRlIjoxODAwMDAwMDAwMDAwfX0=",
          "dependencies": [
            "azurerm_resource_group.isreal-resource-grp",
            "azurerm_virtual_network.isreal-app-ntwrk"
          ]
        }
      ]
    },
    {
      "mode": "managed",
      "type": "azurerm_subnet",
      "name": "vm-subnet",
      "provider": "provider[\"registry.terraform.io/hashicorp/azurerm\"]",
      "instances": [
        {
          "schema_version": 0,
          "attributes": {
            "address_prefixes": [
              "10.0.1.0/24"
            ],
            "delegation": [],
            "enforce_private_link_endpoint_network_policies": false,
            "enforce_private_link_service_network_policies": false,
            "id": "/subscriptions/6929de52-509b-4e60-91e8-816aeba49923/resourceGroups/test_isreal/providers/Microsoft.Network/virtualNetworks/isreal-network/subnets/application_subnet",
            "name": "application_subnet",
            "resource_group_name": "test_isreal",
            "service_endpoint_policy_ids": null,
            "service_endpoints": null,
            "timeouts": null,
            "virtual_network_name": "isreal-network"
          },
          "sensitive_attributes": [],
          "private": "eyJlMmJmYjczMC1lY2FhLTExZTYtOGY4OC0zNDM2M2JjN2M0YzAiOnsiY3JlYXRlIjoxODAwMDAwMDAwMDAwLCJkZWxldGUiOjE4MDAwMDAwMDAwMDAsInJlYWQiOjMwMDAwMDAwMDAwMCwidXBkYXRlIjoxODAwMDAwMDAwMDAwfX0=",
          "dependencies": [
            "azurerm_resource_group.isreal-resource-grp",
            "azurerm_virtual_network.isreal-app-ntwrk"
          ]
        }
      ]
    },
    {
      "mode": "managed",
      "type": "azurerm_virtual_network",
      "name": "isreal-app-ntwrk",
      "provider": "provider[\"registry.terraform.io/hashicorp/azurerm\"]",
      "instances": [
        {
          "schema_version": 0,
          "attributes": {
            "address_space": [
              "10.0.0.0/16"
            ],
            "bgp_community": "",
            "ddos_protection_plan": [],
            "dns_servers": [],
            "edge_zone": "",
            "flow_timeout_in_minutes": 0,
            "guid": "c5f6d4ba-50b6-48d6-891c-cc2befcc1e50",
            "id": "/subscriptions/6929de52-509b-4e60-91e8-816aeba49923/resourceGroups/test_isreal/providers/Microsoft.Network/virtualNetworks/isreal-network",
            "location": "westeurope",
            "name": "isreal-network",
            "resource_group_name": "test_isreal",
            "subnet": [],
            "tags": null,
            "timeouts": null
          },
          "sensitive_attributes": [],
          "private": "eyJlMmJmYjczMC1lY2FhLTExZTYtOGY4OC0zNDM2M2JjN2M0YzAiOnsiY3JlYXRlIjoxODAwMDAwMDAwMDAwLCJkZWxldGUiOjE4MDAwMDAwMDAwMDAsInJlYWQiOjMwMDAwMDAwMDAwMCwidXBkYXRlIjoxODAwMDAwMDAwMDAwfX0=",
          "dependencies": [
            "azurerm_resource_group.isreal-resource-grp"
          ]
        }
      ]
    }
  ],
  "check_results": null
}
